
Microsoft Visual Studio Solution File, Format Version 12.00
# Visual Studio 15
VisualStudioVersion = 15.0.28307.1433
MinimumVisualStudioVersion = 10.0.40219.1
Project("{FAE04EC0-301F-11D3-BF4B-00C04F79EFBC}") = "WindowsServiceApiCaller", "WindowsServiceApiCaller\WindowsServiceApiCaller.csproj", "{0BC159F2-5E61-4010-84B1-D7A39B4505C0}"
EndProject
Global
	GlobalSection(SolutionConfigurationPlatforms) = preSolution
		Debug|Any CPU = Debug|Any CPU
		Release|Any CPU = Release|Any CPU
	EndGlobalSection
	GlobalSection(ProjectConfigurationPlatforms) = postSolution
		{0BC159F2-5E61-4010-84B1-D7A39B4505C0}.Debug|Any CPU.ActiveCfg = Debug|Any CPU
		{0BC159F2-5E61-4010-84B1-D7A39B4505C0}.Debug|Any CPU.Build.0 = Debug|Any CPU
		{0BC159F2-5E61-4010-84B1-D7A39B4505C0}.Release|Any CPU.ActiveCfg = Release|Any CPU
		{0BC159F2-5E61-4010-84B1-D7A39B4505C0}.Release|Any CPU.Build.0 = Release|Any CPU
	EndGlobalSection
	GlobalSection(SolutionProperties) = preSolution
		HideSolutionNode = FALSE
	EndGlobalSection
	GlobalSection(ExtensibilityGlobals) = postSolution
		SolutionGuid = {A9569532-FC44-4C25-9879-6272EA076761}
	EndGlobalSection
EndGlobal
